<?xml version="1.0" encoding="utf-8"?>
<Project ToolsVersion="4.0" xmlns="http://schemas.microsoft.com/developer/msbuild/2003">
  <ItemGroup>
    <Filter Include="Platform">
      <UniqueIdentifier>{2AC788B4-1694-E3BF-3FAD-D1672BD9184E}</UniqueIdentifier>
    </Filter>
    <Filter Include="Platform\OpenGL">
      <UniqueIdentifier>{1E7D2C1D-8A08-9AE1-9319-1DD6FF23F6E1}</UniqueIdentifier>
    </Filter>
    <Filter Include="Platform\Windows">
      <UniqueIdentifier>{64FBD71A-50F4-F66C-7926-DCF1657ED678}</UniqueIdentifier>
    </Filter>
    <Filter Include="src">
      <UniqueIdentifier>{2DAB880B-99B4-887C-2230-9F7C8E38947C}</UniqueIdentifier>
    </Filter>
    <Filter Include="src\Hazel">
      <UniqueIdentifier>{F0370AB3-5CA2-BE29-A5E0-6FCF118A9C7E}</UniqueIdentifier>
    </Filter>
    <Filter Include="src\Hazel\Core">
      <UniqueIdentifier>{48D253A8-34A0-47AE-1D34-B8D409A12313}</UniqueIdentifier>
    </Filter>
    <Filter Include="src\Hazel\Events">
      <UniqueIdentifier>{D495B311-C08E-D263-E9C0-B7E8D518B26F}</UniqueIdentifier>
    </Filter>
    <Filter Include="src\Hazel\ImGui">
      <UniqueIdentifier>{1AE138B3-866C-A677-8F7D-296CFB870278}</UniqueIdentifier>
    </Filter>
  </ItemGroup>
  <ItemGroup>
    <ClInclude Include="Platform\OpenGL\ImGuiOpenGLRenderer.h">
      <Filter>Platform\OpenGL</Filter>
    </ClInclude>
    <ClInclude Include="Platform\OpenGL\imgui_impl_opengl3_loader.h">
      <Filter>Platform\OpenGL</Filter>
    </ClInclude>
    <ClInclude Include="Platform\Windows\WindowsWindow.h">
      <Filter>Platform\Windows</Filter>
    </ClInclude>
    <ClInclude Include="src\Hazel.h">
      <Filter>src</Filter>
    </ClInclude>
    <ClInclude Include="src\Hazel\Application.h">
      <Filter>src\Hazel</Filter>
    </ClInclude>
    <ClInclude Include="src\Hazel\Core.h">
      <Filter>src\Hazel</Filter>
    </ClInclude>
    <ClInclude Include="src\Hazel\Core\KeyCodes.h">
      <Filter>src\Hazel\Core</Filter>
    </ClInclude>
    <ClInclude Include="src\Hazel\Core\MouseCodes.h">
      <Filter>src\Hazel\Core</Filter>
    </ClInclude>
    <ClInclude Include="src\Hazel\EntryPoint.h">
      <Filter>src\Hazel</Filter>
    </ClInclude>
    <ClInclude Include="src\Hazel\Events\ApplicationEvent.h">
      <Filter>src\Hazel\Events</Filter>
    </ClInclude>
    <ClInclude Include="src\Hazel\Events\Event.h">
      <Filter>src\Hazel\Events</Filter>
    </ClInclude>
    <ClInclude Include="src\Hazel\Events\KeyEvent.h">
      <Filter>src\Hazel\Events</Filter>
    </ClInclude>
    <ClInclude Include="src\Hazel\Events\MouseEvent.h">
      <Filter>src\Hazel\Events</Filter>
    </ClInclude>
    <ClInclude Include="src\Hazel\ImGui\ImGuiLayer.h">
      <Filter>src\Hazel\ImGui</Filter>
    </ClInclude>
    <ClInclude Include="src\Hazel\Layer.h">
      <Filter>src\Hazel</Filter>
    </ClInclude>
    <ClInclude Include="src\Hazel\LayerStack.h">
      <Filter>src\Hazel</Filter>
    </ClInclude>
    <ClInclude Include="src\Hazel\Log.h">
      <Filter>src\Hazel</Filter>
    </ClInclude>
    <ClInclude Include="src\Hazel\Window.h">
      <Filter>src\Hazel</Filter>
    </ClInclude>
    <ClInclude Include="src\hzpch.h">
      <Filter>src</Filter>
    </ClInclude>
  </ItemGroup>
  <ItemGroup>
    <ClCompile Include="Platform\OpenGL\ImGuiOpenGLRenderer.cpp">
      <Filter>Platform\OpenGL</Filter>
    </ClCompile>
    <ClCompile Include="Platform\Windows\WindowsWindow.cpp">
      <Filter>Platform\Windows</Filter>
    </ClCompile>
    <ClCompile Include="src\Hazel\Application.cpp">
      <Filter>src\Hazel</Filter>
    </ClCompile>
    <ClCompile Include="src\Hazel\ImGui\ImGuiLayer.cpp">
      <Filter>src\Hazel\ImGui</Filter>
    </ClCompile>
    <ClCompile Include="src\Hazel\Layer.cpp">
      <Filter>src\Hazel</Filter>
    </ClCompile>
    <ClCompile Include="src\Hazel\LayerStack.cpp">
      <Filter>src\Hazel</Filter>
    </ClCompile>
    <ClCompile Include="src\Hazel\Log.cpp">
      <Filter>src\Hazel</Filter>
    </ClCompile>
    <ClCompile Include="src\hzpch.cpp">
      <Filter>src</Filter>
    </ClCompile>
  </ItemGroup>
</Project>